// !$*UTF8*$!
{
	archiveVersion = 1;
	classes = {
	};
	objectVersion = 55;
	objects = {

/* Begin PBXBuildFile section */
		470FFE4727B173AD00A708A5 /* AppDelegate.swift in Sources */ = {isa = PBXBuildFile; fileRef = 470FFE4627B173AD00A708A5 /* AppDelegate.swift */; };
		470FFE4927B173AD00A708A5 /* SceneDelegate.swift in Sources */ = {isa = PBXBuildFile; fileRef = 470FFE4827B173AD00A708A5 /* SceneDelegate.swift */; };
		470FFE4B27B173AD00A708A5 /* ViewController.swift in Sources */ = {isa = PBXBuildFile; fileRef = 470FFE4A27B173AD00A708A5 /* ViewController.swift */; };
		470FFE4E27B173AD00A708A5 /* Main.storyboard in Resources */ = {isa = PBXBuildFile; fileRef = 470FFE4C27B173AD00A708A5 /* Main.storyboard */; };
		470FFE5027B173AE00A708A5 /* Assets.xcassets in Resources */ = {isa = PBXBuildFile; fileRef = 470FFE4F27B173AE00A708A5 /* Assets.xcassets */; };
		470FFE5327B173AE00A708A5 /* LaunchScreen.storyboard in Resources */ = {isa = PBXBuildFile; fileRef = 470FFE5127B173AE00A708A5 /* LaunchScreen.storyboard */; };
		470FFE5E27B173AE00A708A5 /* GuessifyTests.swift in Sources */ = {isa = PBXBuildFile; fileRef = 470FFE5D27B173AE00A708A5 /* GuessifyTests.swift */; };
		470FFE6827B173AE00A708A5 /* GuessifyUITests.swift in Sources */ = {isa = PBXBuildFile; fileRef = 470FFE6727B173AE00A708A5 /* GuessifyUITests.swift */; };
		470FFE6A27B173AE00A708A5 /* GuessifyUITestsLaunchTests.swift in Sources */ = {isa = PBXBuildFile; fileRef = 470FFE6927B173AE00A708A5 /* GuessifyUITestsLaunchTests.swift */; };
		470FFEAE27B1968A00A708A5 /* GoogleService-Info.plist in Resources */ = {isa = PBXBuildFile; fileRef = 470FFEAD27B1968A00A708A5 /* GoogleService-Info.plist */; };
		47B7AF8327BED68D00CB7CCE /* PlayerViewController.swift in Sources */ = {isa = PBXBuildFile; fileRef = 47B7AF8227BED68D00CB7CCE /* PlayerViewController.swift */; };
		47B7AF8527C0DF4700CB7CCE /* data.json in Resources */ = {isa = PBXBuildFile; fileRef = 47B7AF8427C0DF4700CB7CCE /* data.json */; };
		47B7AF8727C1395F00CB7CCE /* DataModel.swift in Sources */ = {isa = PBXBuildFile; fileRef = 47B7AF8627C1395F00CB7CCE /* DataModel.swift */; };
/* End PBXBuildFile section */

/* Begin PBXContainerItemProxy section */
		470FFE5A27B173AE00A708A5 /* PBXContainerItemProxy */ = {
			isa = PBXContainerItemProxy;
			containerPortal = 470FFE3B27B173AD00A708A5 /* Project object */;
			proxyType = 1;
			remoteGlobalIDString = 470FFE4227B173AD00A708A5;
			remoteInfo = Guessify;
		};
		470FFE6427B173AE00A708A5 /* PBXContainerItemProxy */ = {
			isa = PBXContainerItemProxy;
			containerPortal = 470FFE3B27B173AD00A708A5 /* Project object */;
			proxyType = 1;
			remoteGlobalIDString = 470FFE4227B173AD00A708A5;
			remoteInfo = Guessify;
		};
/* End PBXContainerItemProxy section */

/* Begin PBXFileReference section */
		470FFE4327B173AD00A708A5 /* Guessify.app */ = {isa = PBXFileReference; explicitFileType = wrapper.application; includeInIndex = 0; path = Guessify.app; sourceTree = BUILT_PRODUCTS_DIR; };
		470FFE4627B173AD00A708A5 /* AppDelegate.swift */ = {isa = PBXFileReference; lastKnownFileType = sourcecode.swift; path = AppDelegate.swift; sourceTree = "<group>"; };
		470FFE4827B173AD00A708A5 /* SceneDelegate.swift */ = {isa = PBXFileReference; lastKnownFileType = sourcecode.swift; path = SceneDelegate.swift; sourceTree = "<group>"; };
		470FFE4A27B173AD00A708A5 /* ViewController.swift */ = {isa = PBXFileReference; lastKnownFileType = sourcecode.swift; path = ViewController.swift; sourceTree = "<group>"; };
		470FFE4D27B173AD00A708A5 /* Base */ = {isa = PBXFileReference; lastKnownFileType = file.storyboard; name = Base; path = Base.lproj/Main.storyboard; sourceTree = "<group>"; };
		470FFE4F27B173AE00A708A5 /* Assets.xcassets */ = {isa = PBXFileReference; lastKnownFileType = folder.assetcatalog; path = Assets.xcassets; sourceTree = "<group>"; };
		470FFE5227B173AE00A708A5 /* Base */ = {isa = PBXFileReference; lastKnownFileType = file.storyboard; name = Base; path = Base.lproj/LaunchScreen.storyboard; sourceTree = "<group>"; };
		470FFE5427B173AE00A708A5 /* Info.plist */ = {isa = PBXFileReference; lastKnownFileType = text.plist.xml; path = Info.plist; sourceTree = "<group>"; };
		470FFE5927B173AE00A708A5 /* GuessifyTests.xctest */ = {isa = PBXFileReference; explicitFileType = wrapper.cfbundle; includeInIndex = 0; path = GuessifyTests.xctest; sourceTree = BUILT_PRODUCTS_DIR; };
		470FFE5D27B173AE00A708A5 /* GuessifyTests.swift */ = {isa = PBXFileReference; lastKnownFileType = sourcecode.swift; path = GuessifyTests.swift; sourceTree = "<group>"; };
		470FFE6327B173AE00A708A5 /* GuessifyUITests.xctest */ = {isa = PBXFileReference; explicitFileType = wrapper.cfbundle; includeInIndex = 0; path = GuessifyUITests.xctest; sourceTree = BUILT_PRODUCTS_DIR; };
		470FFE6727B173AE00A708A5 /* GuessifyUITests.swift */ = {isa = PBXFileReference; lastKnownFileType = sourcecode.swift; path = GuessifyUITests.swift; sourceTree = "<group>"; };
		470FFE6927B173AE00A708A5 /* GuessifyUITestsLaunchTests.swift */ = {isa = PBXFileReference; lastKnownFileType = sourcecode.swift; path = GuessifyUITestsLaunchTests.swift; sourceTree = "<group>"; };
		470FFEAD27B1968A00A708A5 /* GoogleService-Info.plist */ = {isa = PBXFileReference; fileEncoding = 4; lastKnownFileType = text.plist.xml; path = "GoogleService-Info.plist"; sourceTree = "<group>"; };
		47B7AF8227BED68D00CB7CCE /* PlayerViewController.swift */ = {isa = PBXFileReference; lastKnownFileType = sourcecode.swift; path = PlayerViewController.swift; sourceTree = "<group>"; };
		47B7AF8427C0DF4700CB7CCE /* data.json */ = {isa = PBXFileReference; fileEncoding = 4; lastKnownFileType = text.json; path = data.json; sourceTree = "<group>"; };
		47B7AF8627C1395F00CB7CCE /* DataModel.swift */ = {isa = PBXFileReference; lastKnownFileType = sourcecode.swift; path = DataModel.swift; sourceTree = "<group>"; };
/* End PBXFileReference section */

/* Begin PBXFrameworksBuildPhase section */
		470FFE4027B173AD00A708A5 /* Frameworks */ = {
			isa = PBXFrameworksBuildPhase;
			buildActionMask = 2147483647;
			files = (
			);
			runOnlyForDeploymentPostprocessing = 0;
		};
		470FFE5627B173AE00A708A5 /* Frameworks */ = {
			isa = PBXFrameworksBuildPhase;
			buildActionMask = 2147483647;
			files = (
			);
			runOnlyForDeploymentPostprocessing = 0;
		};
		470FFE6027B173AE00A708A5 /* Frameworks */ = {
			isa = PBXFrameworksBuildPhase;
			buildActionMask = 2147483647;
			files = (
			);
			runOnlyForDeploymentPostprocessing = 0;
		};
/* End PBXFrameworksBuildPhase section */

/* Begin PBXGroup section */
		470FFE3A27B173AD00A708A5 = {
			isa = PBXGroup;
			children = (
				470FFE4527B173AD00A708A5 /* Guessify */,
				470FFE5C27B173AE00A708A5 /* GuessifyTests */,
				470FFE6627B173AE00A708A5 /* GuessifyUITests */,
				470FFE4427B173AD00A708A5 /* Products */,
			);
			sourceTree = "<group>";
		};
		470FFE4427B173AD00A708A5 /* Products */ = {
			isa = PBXGroup;
			children = (
				470FFE4327B173AD00A708A5 /* Guessify.app */,
				470FFE5927B173AE00A708A5 /* GuessifyTests.xctest */,
				470FFE6327B173AE00A708A5 /* GuessifyUITests.xctest */,
			);
			name = Products;
			sourceTree = "<group>";
		};
		470FFE4527B173AD00A708A5 /* Guessify */ = {
			isa = PBXGroup;
			children = (
				47B7AF7F27BE8E8E00CB7CCE /* Model */,
				47B7AF8027BE8E9500CB7CCE /* View */,
				47B7AF8127BE8EA200CB7CCE /* Controller */,
				470FFEAD27B1968A00A708A5 /* GoogleService-Info.plist */,
				47B7AF8427C0DF4700CB7CCE /* data.json */,
				470FFE4627B173AD00A708A5 /* AppDelegate.swift */,
				470FFE4A27B173AD00A708A5 /* ViewController.swift */,
				470FFE4827B173AD00A708A5 /* SceneDelegate.swift */,
				47B7AF8227BED68D00CB7CCE /* PlayerViewController.swift */,
				470FFE4C27B173AD00A708A5 /* Main.storyboard */,
				470FFE4F27B173AE00A708A5 /* Assets.xcassets */,
				470FFE5127B173AE00A708A5 /* LaunchScreen.storyboard */,
				470FFE5427B173AE00A708A5 /* Info.plist */,
			);
			path = Guessify;
			sourceTree = "<group>";
		};
		470FFE5C27B173AE00A708A5 /* GuessifyTests */ = {
			isa = PBXGroup;
			children = (
				470FFE5D27B173AE00A708A5 /* GuessifyTests.swift */,
			);
			path = GuessifyTests;
			sourceTree = "<group>";
		};
		470FFE6627B173AE00A708A5 /* GuessifyUITests */ = {
			isa = PBXGroup;
			children = (
				470FFE6727B173AE00A708A5 /* GuessifyUITests.swift */,
				470FFE6927B173AE00A708A5 /* GuessifyUITestsLaunchTests.swift */,
			);
			path = GuessifyUITests;
			sourceTree = "<group>";
		};
		47B7AF7F27BE8E8E00CB7CCE /* Model */ = {
			isa = PBXGroup;
			children = (
				47B7AF8627C1395F00CB7CCE /* DataModel.swift */,
			);
			path = Model;
			sourceTree = "<group>";
		};
		47B7AF8027BE8E9500CB7CCE /* View */ = {
			isa = PBXGroup;
			children = (
			);
			path = View;
			sourceTree = "<group>";
		};
		47B7AF8127BE8EA200CB7CCE /* Controller */ = {
			isa = PBXGroup;
			children = (
			);
			path = Controller;
			sourceTree = "<group>";
		};
/* End PBXGroup section */

/* Begin PBXNativeTarget section */
		470FFE4227B173AD00A708A5 /* Guessify */ = {
			isa = PBXNativeTarget;
			buildConfigurationList = 470FFE6D27B173AE00A708A5 /* Build configuration list for PBXNativeTarget "Guessify" */;
			buildPhases = (
				470FFE3F27B173AD00A708A5 /* Sources */,
				470FFE4027B173AD00A708A5 /* Frameworks */,
				470FFE4127B173AD00A708A5 /* Resources */,
			);
			buildRules = (
			);
			dependencies = (
			);
			name = Guessify;
			packageProductDependencies = (
			);
			productName = Guessify;
			productReference = 470FFE4327B173AD00A708A5 /* Guessify.app */;
			productType = "com.apple.product-type.application";
		};
		470FFE5827B173AE00A708A5 /* GuessifyTests */ = {
			isa = PBXNativeTarget;
			buildConfigurationList = 470FFE7027B173AE00A708A5 /* Build configuration list for PBXNativeTarget "GuessifyTests" */;
			buildPhases = (
				470FFE5527B173AE00A708A5 /* Sources */,
				470FFE5627B173AE00A708A5 /* Frameworks */,
				470FFE5727B173AE00A708A5 /* Resources */,
			);
			buildRules = (
			);
			dependencies = (
				470FFE5B27B173AE00A708A5 /* PBXTargetDependency */,
			);
			name = GuessifyTests;
			productName = GuessifyTests;
			productReference = 470FFE5927B173AE00A708A5 /* GuessifyTests.xctest */;
			productType = "com.apple.product-type.bundle.unit-test";
		};
		470FFE6227B173AE00A708A5 /* GuessifyUITests */ = {
			isa = PBXNativeTarget;
			buildConfigurationList = 470FFE7327B173AE00A708A5 /* Build configuration list for PBXNativeTarget "GuessifyUITests" */;
			buildPhases = (
				470FFE5F27B173AE00A708A5 /* Sources */,
				470FFE6027B173AE00A708A5 /* Frameworks */,
				470FFE6127B173AE00A708A5 /* Resources */,
			);
			buildRules = (
			);
			dependencies = (
				470FFE6527B173AE00A708A5 /* PBXTargetDependency */,
			);
			name = GuessifyUITests;
			productName = GuessifyUITests;
			productReference = 470FFE6327B173AE00A708A5 /* GuessifyUITests.xctest */;
			productType = "com.apple.product-type.bundle.ui-testing";
		};
/* End PBXNativeTarget section */

/* Begin PBXProject section */
		470FFE3B27B173AD00A708A5 /* Project object */ = {
			isa = PBXProject;
			attributes = {
				BuildIndependentTargetsInParallel = 1;
				LastSwiftUpdateCheck = 1320;
				LastUpgradeCheck = 1320;
				TargetAttributes = {
					470FFE4227B173AD00A708A5 = {
						CreatedOnToolsVersion = 13.2.1;
					};
					470FFE5827B173AE00A708A5 = {
						CreatedOnToolsVersion = 13.2.1;
						TestTargetID = 470FFE4227B173AD00A708A5;
					};
					470FFE6227B173AE00A708A5 = {
						CreatedOnToolsVersion = 13.2.1;
						TestTargetID = 470FFE4227B173AD00A708A5;
					};
				};
			};
			buildConfigurationList = 470FFE3E27B173AD00A708A5 /* Build configuration list for PBXProject "Guessify" */;
			compatibilityVersion = "Xcode 13.0";
			developmentRegion = en;
			hasScannedForEncodings = 0;
			knownRegions = (
				en,
				Base,
			);
			mainGroup = 470FFE3A27B173AD00A708A5;
			packageReferences = (
			);
			productRefGroup = 470FFE4427B173AD00A708A5 /* Products */;
			projectDirPath = "";
			projectRoot = "";
			targets = (
				470FFE4227B173AD00A708A5 /* Guessify */,
				470FFE5827B173AE00A708A5 /* GuessifyTests */,
				470FFE6227B173AE00A708A5 /* GuessifyUITests */,
			);
		};
/* End PBXProject section */

/* Begin PBXResourcesBuildPhase section */
		470FFE4127B173AD00A708A5 /* Resources */ = {
			isa = PBXResourcesBuildPhase;
			buildActionMask = 2147483647;
			files = (
				470FFE5327B173AE00A708A5 /* LaunchScreen.storyboard in Resources */,
				470FFE5027B173AE00A708A5 /* Assets.xcassets in Resources */,
				470FFEAE27B1968A00A708A5 /* GoogleService-Info.plist in Resources */,
				47B7AF8527C0DF4700CB7CCE /* data.json in Resources */,
				470FFE4E27B173AD00A708A5 /* Main.storyboard in Resources */,
			);
			runOnlyForDeploymentPostprocessing = 0;
		};
		470FFE5727B173AE00A708A5 /* Resources */ = {
			isa = PBXResourcesBuildPhase;
			buildActionMask = 2147483647;
			files = (
			);
			runOnlyForDeploymentPostprocessing = 0;
		};
		470FFE6127B173AE00A708A5 /* Resources */ = {
			isa = PBXResourcesBuildPhase;
			buildActionMask = 2147483647;
			files = (
			);
			runOnlyForDeploymentPostprocessing = 0;
		};
/* End PBXResourcesBuildPhase section */

/* Begin PBXSourcesBuildPhase section */
		470FFE3F27B173AD00A708A5 /* Sources */ = {
			isa = PBXSourcesBuildPhase;
			buildActionMask = 2147483647;
			files = (
				47B7AF8727C1395F00CB7CCE /* DataModel.swift in Sources */,
				470FFE4B27B173AD00A708A5 /* ViewController.swift in Sources */,
				47B7AF8327BED68D00CB7CCE /* PlayerViewController.swift in Sources */,
				470FFE4727B173AD00A708A5 /* AppDelegate.swift in Sources */,
				470FFE4927B173AD00A708A5 /* SceneDelegate.swift in Sources */,
			);
			runOnlyForDeploymentPostprocessing = 0;
		};
		470FFE5527B173AE00A708A5 /* Sources */ = {
			isa = PBXSourcesBuildPhase;
			buildActionMask = 2147483647;
			files = (
				470FFE5E27B173AE00A708A5 /* GuessifyTests.swift in Sources */,
			);
			runOnlyForDeploymentPostprocessing = 0;
		};
		470FFE5F27B173AE00A708A5 /* Sources */ = {
			isa = PBXSourcesBuildPhase;
			buildActionMask = 2147483647;
			files = (
				470FFE6A27B173AE00A708A5 /* GuessifyUITestsLaunchTests.swift in Sources */,
				470FFE6827B173AE00A708A5 /* GuessifyUITests.swift in Sources */,
			);
			runOnlyForDeploymentPostprocessing = 0;
		};
/* End PBXSourcesBuildPhase section */

/* Begin PBXTargetDependency section */
		470FFE5B27B173AE00A708A5 /* PBXTargetDependency */ = {
			isa = PBXTargetDependency;
			target = 470FFE4227B173AD00A708A5 /* Guessify */;
			targetProxy = 470FFE5A27B173AE00A708A5 /* PBXContainerItemProxy */;
		};
		470FFE6527B173AE00A708A5 /* PBXTargetDependency */ = {
			isa = PBXTargetDependency;
			target = 470FFE4227B173AD00A708A5 /* Guessify */;
			targetProxy = 470FFE6427B173AE00A708A5 /* PBXContainerItemProxy */;
		};
/* End PBXTargetDependency section */

/* Begin PBXVariantGroup section */
		470FFE4C27B173AD00A708A5 /* Main.storyboard */ = {
			isa = PBXVariantGroup;
			children = (
				470FFE4D27B173AD00A708A5 /* Base */,
			);
			name = Main.storyboard;
			sourceTree = "<group>";
		};
		470FFE5127B173AE00A708A5 /* LaunchScreen.storyboard */ = {
			isa = PBXVariantGroup;
			children = (
				470FFE5227B173AE00A708A5 /* Base */,
			);
			name = LaunchScreen.storyboard;
			sourceTree = "<group>";
		};
/* End PBXVariantGroup section */

/* Begin XCBuildConfiguration section */
		470FFE6B27B173AE00A708A5 /* Debug */ = {
			isa = XCBuildConfiguration;
			buildSettings = {
				ALWAYS_SEARCH_USER_PATHS = NO;
				CLANG_ANALYZER_NONNULL = YES;
				CLANG_ANALYZER_NUMBER_OBJECT_CONVERSION = YES_AGGRESSIVE;
				CLANG_CXX_LANGUAGE_STANDARD = "gnu++17";
				CLANG_CXX_LIBRARY = "libc++";
				CLANG_ENABLE_MODULES = YES;
				CLANG_ENABLE_OBJC_ARC = YES;
				CLANG_ENABLE_OBJC_WEAK = YES;
				CLANG_WARN_BLOCK_CAPTURE_AUTORELEASING = YES;
				CLANG_WARN_BOOL_CONVERSION = YES;
				CLANG_WARN_COMMA = YES;
				CLANG_WARN_CONSTANT_CONVERSION = YES;
				CLANG_WARN_DEPRECATED_OBJC_IMPLEMENTATIONS = YES;
				CLANG_WARN_DIRECT_OBJC_ISA_USAGE = YES_ERROR;
				CLANG_WARN_DOCUMENTATION_COMMENTS = YES;
				CLANG_WARN_EMPTY_BODY = YES;
				CLANG_WARN_ENUM_CONVERSION = YES;
				CLANG_WARN_INFINITE_RECURSION = YES;
				CLANG_WARN_INT_CONVERSION = YES;
				CLANG_WARN_NON_LITERAL_NULL_CONVERSION = YES;
				CLANG_WARN_OBJC_IMPLICIT_RETAIN_SELF = YES;
				CLANG_WARN_OBJC_LITERAL_CONVERSION = YES;
				CLANG_WARN_OBJC_ROOT_CLASS = YES_ERROR;
				CLANG_WARN_QUOTED_INCLUDE_IN_FRAMEWORK_HEADER = YES;
				CLANG_WARN_RANGE_LOOP_ANALYSIS = YES;
				CLANG_WARN_STRICT_PROTOTYPES = YES;
				CLANG_WARN_SUSPICIOUS_MOVE = YES;
				CLANG_WARN_UNGUARDED_AVAILABILITY = YES_AGGRESSIVE;
				CLANG_WARN_UNREACHABLE_CODE = YES;
				CLANG_WARN__DUPLICATE_METHOD_MATCH = YES;
				COPY_PHASE_STRIP = NO;
				DEBUG_INFORMATION_FORMAT = dwarf;
				ENABLE_STRICT_OBJC_MSGSEND = YES;
				ENABLE_TESTABILITY = YES;
				GCC_C_LANGUAGE_STANDARD = gnu11;
				GCC_DYNAMIC_NO_PIC = NO;
				GCC_NO_COMMON_BLOCKS = YES;
				GCC_OPTIMIZATION_LEVEL = 0;
				GCC_PREPROCESSOR_DEFINITIONS = (
					"DEBUG=1",
					"$(inherited)",
				);
				GCC_WARN_64_TO_32_BIT_CONVERSION = YES;
				GCC_WARN_ABOUT_RETURN_TYPE = YES_ERROR;
				GCC_WARN_UNDECLARED_SELECTOR = YES;
				GCC_WARN_UNINITIALIZED_AUTOS = YES_AGGRESSIVE;
				GCC_WARN_UNUSED_FUNCTION = YES;
				GCC_WARN_UNUSED_VARIABLE = YES;
				IPHONEOS_DEPLOYMENT_TARGET = 15.2;
				MTL_ENABLE_DEBUG_INFO = INCLUDE_SOURCE;
				MTL_FAST_MATH = YES;
				ONLY_ACTIVE_ARCH = YES;
				SDKROOT = iphoneos;
				SWIFT_ACTIVE_COMPILATION_CONDITIONS = DEBUG;
				SWIFT_OPTIMIZATION_LEVEL = "-Onone";
			};
			name = Debug;
		};
		470FFE6C27B173AE00A708A5 /* Release */ = {
			isa = XCBuildConfiguration;
			buildSettings = {
				ALWAYS_SEARCH_USER_PATHS = NO;
				CLANG_ANALYZER_NONNULL = YES;
				CLANG_ANALYZER_NUMBER_OBJECT_CONVERSION = YES_AGGRESSIVE;
				CLANG_CXX_LANGUAGE_STANDARD = "gnu++17";
				CLANG_CXX_LIBRARY = "libc++";
				CLANG_ENABLE_MODULES = YES;
				CLANG_ENABLE_OBJC_ARC = YES;
				CLANG_ENABLE_OBJC_WEAK = YES;
				CLANG_WARN_BLOCK_CAPTURE_AUTORELEASING = YES;
				CLANG_WARN_BOOL_CONVERSION = YES;
				CLANG_WARN_COMMA = YES;
				CLANG_WARN_CONSTANT_CONVERSION = YES;
				CLANG_WARN_DEPRECATED_OBJC_IMPLEMENTATIONS = YES;
				CLANG_WARN_DIRECT_OBJC_ISA_USAGE = YES_ERROR;
				CLANG_WARN_DOCUMENTATION_COMMENTS = YES;
				CLANG_WARN_EMPTY_BODY = YES;
				CLANG_WARN_ENUM_CONVERSION = YES;
				CLANG_WARN_INFINITE_RECURSION = YES;
				CLANG_WARN_INT_CONVERSION = YES;
				CLANG_WARN_NON_LITERAL_NULL_CONVERSION = YES;
				CLANG_WARN_OBJC_IMPLICIT_RETAIN_SELF = YES;
				CLANG_WARN_OBJC_LITERAL_CONVERSION = YES;
				CLANG_WARN_OBJC_ROOT_CLASS = YES_ERROR;
				CLANG_WARN_QUOTED_INCLUDE_IN_FRAMEWORK_HEADER = YES;
				CLANG_WARN_RANGE_LOOP_ANALYSIS = YES;
				CLANG_WARN_STRICT_PROTOTYPES = YES;
				CLANG_WARN_SUSPICIOUS_MOVE = YES;
				CLANG_WARN_UNGUARDED_AVAILABILITY = YES_AGGRESSIVE;
				CLANG_WARN_UNREACHABLE_CODE = YES;
				CLANG_WARN__DUPLICATE_METHOD_MATCH = YES;
				COPY_PHASE_STRIP = NO;
				DEBUG_INFORMATION_FORMAT = "dwarf-with-dsym";
				ENABLE_NS_ASSERTIONS = NO;
				ENABLE_STRICT_OBJC_MSGSEND = YES;
				GCC_C_LANGUAGE_STANDARD = gnu11;
				GCC_NO_COMMON_BLOCKS = YES;
				GCC_WARN_64_TO_32_BIT_CONVERSION = YES;
				GCC_WARN_ABOUT_RETURN_TYPE = YES_ERROR;
				GCC_WARN_UNDECLARED_SELECTOR = YES;
				GCC_WARN_UNINITIALIZED_AUTOS = YES_AGGRESSIVE;
				GCC_WARN_UNUSED_FUNCTION = YES;
				GCC_WARN_UNUSED_VARIABLE = YES;
				IPHONEOS_DEPLOYMENT_TARGET = 15.2;
				MTL_ENABLE_DEBUG_INFO = NO;
				MTL_FAST_MATH = YES;
				SDKROOT = iphoneos;
				SWIFT_COMPILATION_MODE = wholemodule;
				SWIFT_OPTIMIZATION_LEVEL = "-O";
				VALIDATE_PRODUCT = YES;
			};
			name = Release;
		};
		470FFE6E27B173AE00A708A5 /* Debug */ = {
			isa = XCBuildConfiguration;
			buildSettings = {
				ASSETCATALOG_COMPILER_APPICON_NAME = AppIcon;
				ASSETCATALOG_COMPILER_GLOBAL_ACCENT_COLOR_NAME = AccentColor;
				CODE_SIGN_STYLE = Automatic;
				CURRENT_PROJECT_VERSION = 1;
				DEVELOPMENT_TEAM = JTJRJ8RSTF;
				GENERATE_INFOPLIST_FILE = YES;
				INFOPLIST_FILE = Guessify/Info.plist;
				INFOPLIST_KEY_UIApplicationSupportsIndirectInputEvents = YES;
				INFOPLIST_KEY_UILaunchStoryboardName = LaunchScreen;
				INFOPLIST_KEY_UIMainStoryboardFile = Main;
				INFOPLIST_KEY_UISupportedInterfaceOrientations_iPad = "UIInterfaceOrientationPortrait UIInterfaceOrientationPortraitUpsideDown UIInterfaceOrientationLandscapeLeft UIInterfaceOrientationLandscapeRight";
				INFOPLIST_KEY_UISupportedInterfaceOrientations_iPhone = "UIInterfaceOrientationPortrait UIInterfaceOrientationLandscapeLeft UIInterfaceOrientationLandscapeRight";
				LD_RUNPATH_SEARCH_PATHS = (
					"$(inherited)",
					"@executable_path/Frameworks",
				);
				MARKETING_VERSION = 1.0;
				PRODUCT_BUNDLE_IDENTIFIER = com.kertmen.Guessify;
				PRODUCT_NAME = "$(TARGET_NAME)";
				SWIFT_EMIT_LOC_STRINGS = YES;
				SWIFT_VERSION = 5.0;
				TARGETED_DEVICE_FAMILY = "1,2";
			};
			name = Debug;
		};
		470FFE6F27B173AE00A708A5 /* Release */ = {
			isa = XCBuildConfiguration;
			buildSettings = {
				ASSETCATALOG_COMPILER_APPICON_NAME = AppIcon;
				ASSETCATALOG_COMPILER_GLOBAL_ACCENT_COLOR_NAME = AccentColor;
				CODE_SIGN_STYLE = Automatic;
				CURRENT_PROJECT_VERSION = 1;
				DEVELOPMENT_TEAM = JTJRJ8RSTF;
				GENERATE_INFOPLIST_FILE = YES;
				INFOPLIST_FILE = Guessify/Info.plist;
				INFOPLIST_KEY_UIApplicationSupportsIndirectInputEvents = YES;
				INFOPLIST_KEY_UILaunchStoryboardName = LaunchScreen;
				INFOPLIST_KEY_UIMainStoryboardFile = Main;
				INFOPLIST_KEY_UISupportedInterfaceOrientations_iPad = "UIInterfaceOrientationPortrait UIInterfaceOrientationPortraitUpsideDown UIInterfaceOrientationLandscapeLeft UIInterfaceOrientationLandscapeRight";
				INFOPLIST_KEY_UISupportedInterfaceOrientations_iPhone = "UIInterfaceOrientationPortrait UIInterfaceOrientationLandscapeLeft UIInterfaceOrientationLandscapeRight";
				LD_RUNPATH_SEARCH_PATHS = (
					"$(inherited)",
					"@executable_path/Frameworks",
				);
				MARKETING_VERSION = 1.0;
				PRODUCT_BUNDLE_IDENTIFIER = com.kertmen.Guessify;
				PRODUCT_NAME = "$(TARGET_NAME)";
				SWIFT_EMIT_LOC_STRINGS = YES;
				SWIFT_VERSION = 5.0;
				TARGETED_DEVICE_FAMILY = "1,2";
			};
			name = Release;
		};
		470FFE7127B173AE00A708A5 /* Debug */ = {
			isa = XCBuildConfiguration;
			buildSettings = {
				ALWAYS_EMBED_SWIFT_STANDARD_LIBRARIES = YES;
				BUNDLE_LOADER = "$(TEST_HOST)";
				CODE_SIGN_STYLE = Automatic;
				CURRENT_PROJECT_VERSION = 1;
				DEVELOPMENT_TEAM = JTJRJ8RSTF;
				GENERATE_INFOPLIST_FILE = YES;
				IPHONEOS_DEPLOYMENT_TARGET = 15.2;
				MARKETING_VERSION = 1.0;
				PRODUCT_BUNDLE_IDENTIFIER = com.kertmen.GuessifyTests;
				PRODUCT_NAME = "$(TARGET_NAME)";
				SWIFT_EMIT_LOC_STRINGS = NO;
				SWIFT_VERSION = 5.0;
				TARGETED_DEVICE_FAMILY = "1,2";
				TEST_HOST = "$(BUILT_PRODUCTS_DIR)/Guessify.app/Guessify";
			};
			name = Debug;
		};
		470FFE7227B173AE00A708A5 /* Release */ = {
			isa = XCBuildConfiguration;
			buildSettings = {
				ALWAYS_EMBED_SWIFT_STANDARD_LIBRARIES = YES;
				BUNDLE_LOADER = "$(TEST_HOST)";
				CODE_SIGN_STYLE = Automatic;
				CURRENT_PROJECT_VERSION = 1;
				DEVELOPMENT_TEAM = JTJRJ8RSTF;
				GENERATE_INFOPLIST_FILE = YES;
				IPHONEOS_DEPLOYMENT_TARGET = 15.2;
				MARKETING_VERSION = 1.0;
				PRODUCT_BUNDLE_IDENTIFIER = com.kertmen.GuessifyTests;
				PRODUCT_NAME = "$(TARGET_NAME)";
				SWIFT_EMIT_LOC_STRINGS = NO;
				SWIFT_VERSION = 5.0;
				TARGETED_DEVICE_FAMILY = "1,2";
				TEST_HOST = "$(BUILT_PRODUCTS_DIR)/Guessify.app/Guessify";
			};
			name = Release;
		};
		470FFE7427B173AE00A708A5 /* Debug */ = {
			isa = XCBuildConfiguration;
			buildSettings = {
				ALWAYS_EMBED_SWIFT_STANDARD_LIBRARIES = YES;
				CODE_SIGN_STYLE = Automatic;
				CURRENT_PROJECT_VERSION = 1;
				DEVELOPMENT_TEAM = JTJRJ8RSTF;
				GENERATE_INFOPLIST_FILE = YES;
				MARKETING_VERSION = 1.0;
				PRODUCT_BUNDLE_IDENTIFIER = com.kertmen.GuessifyUITests;
				PRODUCT_NAME = "$(TARGET_NAME)";
				SWIFT_EMIT_LOC_STRINGS = NO;
				SWIFT_VERSION = 5.0;
				TARGETED_DEVICE_FAMILY = "1,2";
				TEST_TARGET_NAME = Guessify;
			};
			name = Debug;
		};
		470FFE7527B173AE00A708A5 /* Release */ = {
			isa = XCBuildConfiguration;
			buildSettings = {
				ALWAYS_EMBED_SWIFT_STANDARD_LIBRARIES = YES;
				CODE_SIGN_STYLE = Automatic;
				CURRENT_PROJECT_VERSION = 1;
				DEVELOPMENT_TEAM = JTJRJ8RSTF;
				GENERATE_INFOPLIST_FILE = YES;
				MARKETING_VERSION = 1.0;
				PRODUCT_BUNDLE_IDENTIFIER = com.kertmen.GuessifyUITests;
				PRODUCT_NAME = "$(TARGET_NAME)";
				SWIFT_EMIT_LOC_STRINGS = NO;
				SWIFT_VERSION = 5.0;
				TARGETED_DEVICE_FAMILY = "1,2";
				TEST_TARGET_NAME = Guessify;
			};
			name = Release;
		};
/* End XCBuildConfiguration section */

/* Begin XCConfigurationList section */
		470FFE3E27B173AD00A708A5 /* Build configuration list for PBXProject "Guessify" */ = {
			isa = XCConfigurationList;
			buildConfigurations = (
				470FFE6B27B173AE00A708A5 /* Debug */,
				470FFE6C27B173AE00A708A5 /* Release */,
			);
			defaultConfigurationIsVisible = 0;
			defaultConfigurationName = Release;
		};
		470FFE6D27B173AE00A708A5 /* Build configuration list for PBXNativeTarget "Guessify" */ = {
			isa = XCConfigurationList;
			buildConfigurations = (
				470FFE6E27B173AE00A708A5 /* Debug */,
				470FFE6F27B173AE00A708A5 /* Release */,
			);
			defaultConfigurationIsVisible = 0;
			defaultConfigurationName = Release;
		};
		470FFE7027B173AE00A708A5 /* Build configuration list for PBXNativeTarget "GuessifyTests" */ = {
			isa = XCConfigurationList;
			buildConfigurations = (
				470FFE7127B173AE00A708A5 /* Debug */,
				470FFE7227B173AE00A708A5 /* Release */,
			);
			defaultConfigurationIsVisible = 0;
			defaultConfigurationName = Release;
		};
		470FFE7327B173AE00A708A5 /* Build configuration list for PBXNativeTarget "GuessifyUITests" */ = {
			isa = XCConfigurationList;
			buildConfigurations = (
				470FFE7427B173AE00A708A5 /* Debug */,
				470FFE7527B173AE00A708A5 /* Release */,
			);
			defaultConfigurationIsVisible = 0;
			defaultConfigurationName = Release;
		};
/* End XCConfigurationList section */
	};
	rootObject = 470FFE3B27B173AD00A708A5 /* Project object */;
}
